
Microsoft Visual Studio Solution File, Format Version 12.00
# Visual Studio Version 17
VisualStudioVersion = 17.0.31903.59
MinimumVisualStudioVersion = 10.0.40219.1
Project("{FAE04EC0-301F-11D3-BF4B-00C04F79EFBC}") = "TaskManager.Domain", "src\TaskManager.Domain\TaskManager.Domain.csproj", "{2B4D619E-71AC-4AC8-9854-0A924D80BB40}"
EndProject
Project("{FAE04EC0-301F-11D3-BF4B-00C04F79EFBC}") = "TaskManager.Application", "src\TaskManager.Application\TaskManager.Application.csproj", "{89BFA181-79DF-4703-B43A-E58653591950}"
EndProject
Project("{FAE04EC0-301F-11D3-BF4B-00C04F79EFBC}") = "TaskManager.Infrastructure", "src\TaskManager.Infrastructure\TaskManager.Infrastructure.csproj", "{80FC0712-EE2B-43F9-BB30-83F395FF6602}"
EndProject
Project("{FAE04EC0-301F-11D3-BF4B-00C04F79EFBC}") = "TaskManager.Api", "src\TaskManager.Api\TaskManager.Api.csproj", "{D5204908-1CE9-455C-BD34-0019CF9E7FCA}"
EndProject
Global
	GlobalSection(SolutionConfigurationPlatforms) = preSolution
		Debug|Any CPU = Debug|Any CPU
		Release|Any CPU = Release|Any CPU
	EndGlobalSection
	GlobalSection(SolutionProperties) = preSolution
		HideSolutionNode = FALSE
	EndGlobalSection
	GlobalSection(ProjectConfigurationPlatforms) = postSolution
		{2B4D619E-71AC-4AC8-9854-0A924D80BB40}.Debug|Any CPU.ActiveCfg = Debug|Any CPU
		{2B4D619E-71AC-4AC8-9854-0A924D80BB40}.Debug|Any CPU.Build.0 = Debug|Any CPU
		{2B4D619E-71AC-4AC8-9854-0A924D80BB40}.Release|Any CPU.ActiveCfg = Release|Any CPU
		{2B4D619E-71AC-4AC8-9854-0A924D80BB40}.Release|Any CPU.Build.0 = Release|Any CPU
		{89BFA181-79DF-4703-B43A-E58653591950}.Debug|Any CPU.ActiveCfg = Debug|Any CPU
		{89BFA181-79DF-4703-B43A-E58653591950}.Debug|Any CPU.Build.0 = Debug|Any CPU
		{89BFA181-79DF-4703-B43A-E58653591950}.Release|Any CPU.ActiveCfg = Release|Any CPU
		{89BFA181-79DF-4703-B43A-E58653591950}.Release|Any CPU.Build.0 = Release|Any CPU
		{80FC0712-EE2B-43F9-BB30-83F395FF6602}.Debug|Any CPU.ActiveCfg = Debug|Any CPU
		{80FC0712-EE2B-43F9-BB30-83F395FF6602}.Debug|Any CPU.Build.0 = Debug|Any CPU
		{80FC0712-EE2B-43F9-BB30-83F395FF6602}.Release|Any CPU.ActiveCfg = Release|Any CPU
		{80FC0712-EE2B-43F9-BB30-83F395FF6602}.Release|Any CPU.Build.0 = Release|Any CPU
		{D5204908-1CE9-455C-BD34-0019CF9E7FCA}.Debug|Any CPU.ActiveCfg = Debug|Any CPU
		{D5204908-1CE9-455C-BD34-0019CF9E7FCA}.Debug|Any CPU.Build.0 = Debug|Any CPU
		{D5204908-1CE9-455C-BD34-0019CF9E7FCA}.Release|Any CPU.ActiveCfg = Release|Any CPU
		{D5204908-1CE9-455C-BD34-0019CF9E7FCA}.Release|Any CPU.Build.0 = Release|Any CPU
	EndGlobalSection
EndGlobal
